# THIS IS AN AUTOGENERATED FILE. DO NOT EDIT THIS FILE DIRECTLY.
# yarn lockfile v1


"@hebcal/core@^5.9.0":
  version "5.9.0"
  resolved "https://registry.yarnpkg.com/@hebcal/core/-/core-5.9.0.tgz#e1e9080f6ba921aa85c679bd47943dce18c37dbb"
  integrity sha512-KS0w8/+gQDUDTzvul/+FnwSV28+ANGo01+sQmn32rwEaRsJJw8db6s4onTacSfGmBptVA3SnfAMMxGoVoU+03Q==
  dependencies:
    "@hebcal/hdate" "^0.13.5"
    "@hebcal/noaa" "^0.8.16"
    quick-lru "^6.1.2"
    temporal-polyfill "^0.2.5"
    tslib "^2.8.1"

"@hebcal/hdate@^0.13.5":
  version "0.13.5"
  resolved "https://registry.yarnpkg.com/@hebcal/hdate/-/hdate-0.13.5.tgz#a39e1c07abdc2814ed13038749dd76bcd3b20529"
  integrity sha512-424Qf2Ef9fPyn3QkWd3z6+tETPojC+AzuwlsfrsQ9tFmGxfOEK06CmkUkS94oZeIncIGoUAIVo7NyCYGNNyyJw==

"@hebcal/noaa@^0.8.16":
  version "0.8.16"
  resolved "https://registry.yarnpkg.com/@hebcal/noaa/-/noaa-0.8.16.tgz#37a48b4b37e9fb1d92a1ed355447375b86530216"
  integrity sha512-tiZxaS3/kfi4sPnyXmfnuVSPNrpTJMRSmkvCnBIORwfamnNzDG0nmmxKkX/b27HuzpUP4T8iXNeeYTV4Zfc5TA==
  dependencies:
    temporal-polyfill "^0.2.5"

"@types/node@^22.13.0":
  version "22.13.0"
  resolved "https://registry.yarnpkg.com/@types/node/-/node-22.13.0.tgz#d376dd9a0ee2f9382d86c2d5d7beb4d198b4ea8c"
  integrity sha512-ClIbNe36lawluuvq3+YYhnIN2CELi+6q8NpnM7PYp4hBn/TatfboPgVSm2rwKRfnV2M+Ty9GWDFI64KEe+kysA==
  dependencies:
    undici-types "~6.20.0"

quick-lru@^6.1.2:
  version "6.1.2"
  resolved "https://registry.yarnpkg.com/quick-lru/-/quick-lru-6.1.2.tgz#e9a90524108629be35287d0b864e7ad6ceb3659e"
  integrity sha512-AAFUA5O1d83pIHEhJwWCq/RQcRukCkn/NSm2QsTEMle5f2hP0ChI2+3Xb051PZCkLryI/Ir1MVKviT2FIloaTQ==

temporal-polyfill@^0.2.5:
  version "0.2.5"
  resolved "https://registry.yarnpkg.com/temporal-polyfill/-/temporal-polyfill-0.2.5.tgz#0796c40a50754c69ec0f9a2db3f6c582b9721aaf"
  integrity sha512-ye47xp8Cb0nDguAhrrDS1JT1SzwEV9e26sSsrWzVu+yPZ7LzceEcH0i2gci9jWfOfSCCgM3Qv5nOYShVUUFUXA==
  dependencies:
    temporal-spec "^0.2.4"

temporal-spec@^0.2.4:
  version "0.2.4"
  resolved "https://registry.yarnpkg.com/temporal-spec/-/temporal-spec-0.2.4.tgz#7eb10447a62429ffaaa80b42b869b138ae306a75"
  integrity sha512-lDMFv4nKQrSjlkHKAlHVqKrBG4DyFfa9F74cmBZ3Iy3ed8yvWnlWSIdi4IKfSqwmazAohBNwiN64qGx4y5Q3IQ==

tslib@^2.8.1:
  version "2.8.1"
  resolved "https://registry.yarnpkg.com/tslib/-/tslib-2.8.1.tgz#612efe4ed235d567e8aba5f2a5fab70280ade83f"
  integrity sha512-oJFu94HQb+KVduSUQL7wnpmqnfmLsOA/nAh6b6EH0wCEoK0/mPeXU6c3wKDV83MkOuHPRHtSXKKU99IBazS/2w==

typescript@^5.7.3:
  version "5.7.3"
  resolved "https://registry.yarnpkg.com/typescript/-/typescript-5.7.3.tgz#919b44a7dbb8583a9b856d162be24a54bf80073e"
  integrity sha512-84MVSjMEHP+FQRPy3pX9sTVV/INIex71s9TL2Gm5FG/WG1SqXeKyZ0k7/blY/4FdOzI12CBy1vGc4og/eus0fw==

undici-types@~6.20.0:
  version "6.20.0"
  resolved "https://registry.yarnpkg.com/undici-types/-/undici-types-6.20.0.tgz#8171bf22c1f588d1554d55bf204bc624af388433"
  integrity sha512-Ny6QZ2Nju20vw1SRHe3d9jVu6gJ+4e3+MMpqu7pqE5HT6WsTSlce++GQmK5UXS8mzV8DSYHrQH+Xrf2jVcuKNg==
